# This file was autogenerated by Stack.
# You should not edit this file by hand.
# For more information, please see the documentation at:
#   https://docs.haskellstack.org/en/stable/lock_files

packages:
- completed:
    hackage: generic-lens-1.2.0.1@sha256:faecffd513340cd570866aa8f3e0e139d3f9240ecd3eb766357cdf47f550004c,6550
    pantry-tree:
      size: 4315
      sha256: ea2099153bc65265915f206f08d25eed0d21270412505ea6470665df74b7f5ec
  original:
    hackage: generic-lens-1.2.0.1
- completed:
    hackage: lens-4.18.1@sha256:21ce297d6fef1805a8347393abcc931c30e007b96919794388e9f90e570a4baa,15972
    pantry-tree:
      size: 8253
      sha256: 842ecc5002ff96a196f6f85ee82aedf64e3d8c1dac8dba3ce2f7f46451f074c4
  original:
    hackage: lens-4.18.1
- completed:
    hackage: base-orphans-0.8.2@sha256:40ef37ed043aac2cbb6c538fdebfc62e601ee65ee161e4a6327452133b574d7e,2958
    pantry-tree:
      size: 1272
      sha256: f22e483c039b549ee70101e7841b14852e1417f2518f0281af46b62b3ae5d5f6
  original:
    hackage: base-orphans-0.8.2@sha256:40ef37ed043aac2cbb6c538fdebfc62e601ee65ee161e4a6327452133b574d7e,2958
- completed:
    hackage: bifunctors-5.5.7@sha256:54c38cffb60213bfbb9474d92226696c30d07bc6f88e1e9c887ab7c5a5721b45,3410
    pantry-tree:
      size: 1755
      sha256: faa376b667db401c653b0454217f854c9aecd2d04a94ebb589b69847effd5a4a
  original:
    hackage: bifunctors-5.5.7@sha256:54c38cffb60213bfbb9474d92226696c30d07bc6f88e1e9c887ab7c5a5721b45,3410
- completed:
    hackage: cabal-doctest-1.0.8@sha256:34dff6369d417df2699af4e15f06bc181d495eca9c51efde173deae2053c197c,1491
    pantry-tree:
      size: 334
      sha256: 1632476e4cdd37f323f81b2df0d06efe542ca3b02ab0097e1cd95d12c0fc2003
  original:
    hackage: cabal-doctest-1.0.8@sha256:34dff6369d417df2699af4e15f06bc181d495eca9c51efde173deae2053c197c,1491
- completed:
    hackage: call-stack-0.2.0@sha256:5ce796b78d5f964468ec6fe0717b4e7d0430817f37370c47b3e6b38e345b6643,1202
    pantry-tree:
      size: 500
      sha256: 30cc02f50a7f660db6b5c4218b4021cd78cae90b135d893d55f32a1c8b1e1c08
  original:
    hackage: call-stack-0.2.0@sha256:5ce796b78d5f964468ec6fe0717b4e7d0430817f37370c47b3e6b38e345b6643,1202
- completed:
    hackage: comonad-5.0.6@sha256:fdf1b529a79765a8549ac7e9d439b769cca852778742db8702a9d9b2dc27e4a4,3496
    pantry-tree:
      size: 1819
      sha256: dbe8388045c8f4339f292d213ff8cfc6635d7e158c04caafe35576ae80905ac6
  original:
    hackage: comonad-5.0.6@sha256:fdf1b529a79765a8549ac7e9d439b769cca852778742db8702a9d9b2dc27e4a4,3496
- completed:
    hackage: contravariant-1.5.2@sha256:853259271870000c007a281f0bf0bf6e1aaa97c5fd5cd5734d7b0d79b9de2af5,2761
    pantry-tree:
      size: 699
      sha256: 9d1b9732339d893bf03b2a8ca619430b4b601ee2c9c07f80188c2d54e23573cf
  original:
    hackage: contravariant-1.5.2@sha256:853259271870000c007a281f0bf0bf6e1aaa97c5fd5cd5734d7b0d79b9de2af5,2761
- completed:
    hackage: distributive-0.6.2@sha256:1ad2369d4928a61a9fb8dc94b7ecc5f65a9296b07a51a2b4c397049115d82ed4,3198
    pantry-tree:
      size: 959
      sha256: f414bed061eafcec6bd24238af08b5150615d6cf9b4b360a14d614e146080229
  original:
    hackage: distributive-0.6.2@sha256:1ad2369d4928a61a9fb8dc94b7ecc5f65a9296b07a51a2b4c397049115d82ed4,3198
- completed:
    hackage: exceptions-0.10.4@sha256:1729ef26a611ae78aa58cdd34192aff710cbaa6d631dd042ddfb63556d00b52c,2796
    pantry-tree:
      size: 908
      sha256: 6689458f5d183f8efda66f918f7bd4b7ac28548defbef53c7e174c2cdf6b9f18
  original:
    hackage: exceptions-0.10.4@sha256:1729ef26a611ae78aa58cdd34192aff710cbaa6d631dd042ddfb63556d00b52c,2796
- completed:
    hackage: free-5.1.3@sha256:a554ca318f7a67abde1acc59bf4ccb8e039d61cbef7921932e34e114afdc8608,4148
    pantry-tree:
      size: 3362
      sha256: 8a318ba8fe54841b776bb9443ab240450406a38c95526be9638e6f118eb3a1a2
  original:
    hackage: free-5.1.3@sha256:a554ca318f7a67abde1acc59bf4ccb8e039d61cbef7921932e34e114afdc8608,4148
- completed:
    hackage: hashable-1.3.0.0@sha256:4c70f1407881059e93550d3742191254296b2737b793a742bd901348fb3e1fb1,5206
    pantry-tree:
      size: 1521
      sha256: 84aba72926c33debd71fb9c670869d842025f8ea45ad10084289a34f0448250f
  original:
    hackage: hashable-1.3.0.0@sha256:4c70f1407881059e93550d3742191254296b2737b793a742bd901348fb3e1fb1,5206
- completed:
    hackage: kan-extensions-5.2@sha256:2407501562039dad6a3d19aacd0bbcca07aa28497cbd1cdaaf5aabc30146899d,2771
    pantry-tree:
      size: 1472
      sha256: ba338b2be42e0e33e861a6b3082685ab28c4876af89643b8bbfb3936aa6aa52a
  original:
    hackage: kan-extensions-5.2@sha256:2407501562039dad6a3d19aacd0bbcca07aa28497cbd1cdaaf5aabc30146899d,2771
- completed:
    hackage: parallel-3.2.2.0@sha256:c69372af9a39a06739e1d0eaa1f2d8be6b86493a53dbbc455e7b30479c491c6a,1763
    pantry-tree:
      size: 392
      sha256: 0b408143e18070406acc2acb528fc4b695f04161e0beb490351d50d92a841fe3
  original:
    hackage: parallel-3.2.2.0@sha256:c69372af9a39a06739e1d0eaa1f2d8be6b86493a53dbbc455e7b30479c491c6a,1763
- completed:
    hackage: profunctors-5.5.2@sha256:55132b7e8a5461e8f7fdc4e06839109fe42ad581225cd151342753fddb824aa8,2075
    pantry-tree:
      size: 1639
      sha256: ad6ec53d15bbadac65278e52ff03e22236d1399d6fd61ea20ae8cd9a0d9de207
  original:
    hackage: profunctors-5.5.2@sha256:55132b7e8a5461e8f7fdc4e06839109fe42ad581225cd151342753fddb824aa8,2075
- completed:
    hackage: reflection-2.1.6@sha256:044acb7caf41a9d8246878f849baed2dffbc4582d0a1e5c7c079d4287239e970,3976
    pantry-tree:
      size: 1062
      sha256: f5aeb758b72cdb290de887c0db7297071c92f263870b0aee64801f420b85b83d
  original:
    hackage: reflection-2.1.6@sha256:044acb7caf41a9d8246878f849baed2dffbc4582d0a1e5c7c079d4287239e970,3976
- completed:
    hackage: semigroupoids-5.3.4@sha256:3a6445a6105348d01c71aa608e1a8644ad78c01ec17dc70b87cf161cac92a100,7596
    pantry-tree:
      size: 1990
      sha256: d6dedcdff1035094c36156668a15484a3f3f734670b0f080bb8fcab9aaf45ad0
  original:
    hackage: semigroupoids-5.3.4@sha256:3a6445a6105348d01c71aa608e1a8644ad78c01ec17dc70b87cf161cac92a100,7596
- completed:
    hackage: tagged-0.8.6@sha256:1f7ca84e6c88cbb923641c60041c9f56c34f1a889759cc073cdf10542b441ff9,2606
    pantry-tree:
      size: 543
      sha256: 7e03b4e4506268d8a1429fba046816d682ec98e1c61d3869ae0ce57d74574d78
  original:
    hackage: tagged-0.8.6@sha256:1f7ca84e6c88cbb923641c60041c9f56c34f1a889759cc073cdf10542b441ff9,2606
- completed:
    hackage: th-abstraction-0.3.2.0@sha256:9b5b4e6e2bbff9b075ad7751ee98e2107090bd17b51d5442695b8990e4db6521,1851
    pantry-tree:
      size: 583
      sha256: 21e260e558db166dc70f3002e7a0d22dd57d0b9e7842dd9de5e2f9f887e1275e
  original:
    hackage: th-abstraction-0.3.2.0@sha256:9b5b4e6e2bbff9b075ad7751ee98e2107090bd17b51d5442695b8990e4db6521,1851
- completed:
    hackage: transformers-compat-0.6.5@sha256:50b00c57bf3fc379ec2477bfc261a2aebc983084488478adb29854f193af4696,5490
    pantry-tree:
      size: 1773
      sha256: 3a15141e82214faba9ddcabaa63526273d4c8b7b1d9d6cbc643334bfe41fb2f8
  original:
    hackage: transformers-compat-0.6.5@sha256:50b00c57bf3fc379ec2477bfc261a2aebc983084488478adb29854f193af4696,5490
- completed:
    hackage: type-equality-1@sha256:d36324583fbafc5698c3f898ccf7cf041cbf42435fc2559c28e8f77682739a8e,1517
    pantry-tree:
      size: 313
      sha256: a28a53db7adaaf0d9b39d2b678f3c6d5c8b08e42cb2b5d37156ce5e568c98707
  original:
    hackage: type-equality-1@sha256:d36324583fbafc5698c3f898ccf7cf041cbf42435fc2559c28e8f77682739a8e,1517
- completed:
    hackage: unordered-containers-0.2.11.0@sha256:ba70b8a9d7eebc2034bf92e5690b2dd71200e76aa9f3f93e0b6be3f27f244d18,4998
    pantry-tree:
      size: 1416
      sha256: d9b83f62373f509a441223f22f12e22e39b38ef3275dfca7c190a4795bebfed5
  original:
    hackage: unordered-containers-0.2.11.0@sha256:ba70b8a9d7eebc2034bf92e5690b2dd71200e76aa9f3f93e0b6be3f27f244d18,4998
- completed:
    hackage: vector-0.12.1.2@sha256:9291bc581f36e51d5bda9fce57cb980fbec3dd292996896f285fef39eb80a9a0,7364
    pantry-tree:
      size: 3784
      sha256: f79eefc8ba2b57ded2276f48046e64663d37b210b6047b6b6ecb30c9da196216
  original:
    hackage: vector-0.12.1.2@sha256:9291bc581f36e51d5bda9fce57cb980fbec3dd292996896f285fef39eb80a9a0,7364
- completed:
    hackage: StateVar-1.2@sha256:9ab3e4a0e252d28bc2f799c83e0725c3e23e8d3b722cff0fdb9822e64b6c16ac,1413
    pantry-tree:
      size: 314
      sha256: 7e528e8de1df24f858e0be63bf8987537b2752a3d4f6ec823e5ac0e1dc7f1520
  original:
    hackage: StateVar-1.2@sha256:9ab3e4a0e252d28bc2f799c83e0725c3e23e8d3b722cff0fdb9822e64b6c16ac,1413
- completed:
    hackage: adjunctions-4.4@sha256:2738dd5f5d5e93749adb14a05472e58a96a75d0f299e46371c6f46dc4e97daf9,3067
    pantry-tree:
      size: 1560
      sha256: b9b90a45e77481a8f24baa9b61dbf862199ec736b99344b5c7ae9c905f0425d8
  original:
    hackage: adjunctions-4.4@sha256:2738dd5f5d5e93749adb14a05472e58a96a75d0f299e46371c6f46dc4e97daf9,3067
- completed:
    hackage: invariant-0.5.3@sha256:e430340b5f4248159f9fd217c506946887b4ff8f2c7a3819c3d4f06bcb195e6a,3323
    pantry-tree:
      size: 650
      sha256: f7a85efb9277edc3d613003d1ec89f2302dc42674932d705cf2438a76ea5edd0
  original:
    hackage: invariant-0.5.3@sha256:e430340b5f4248159f9fd217c506946887b4ff8f2c7a3819c3d4f06bcb195e6a,3323
- completed:
    hackage: primitive-0.7.0.1@sha256:a381571c36edc7dca28b77fe8159b43c14c640087ec5946adacf949feec64231,3433
    pantry-tree:
      size: 3221
      sha256: fea4312bd404ad504e44a7fd933a3b3442c0a5e1c41bd8abec3c2e7282d88e18
  original:
    hackage: primitive-0.7.0.1@sha256:a381571c36edc7dca28b77fe8159b43c14c640087ec5946adacf949feec64231,3433
- completed:
    hackage: transformers-base-0.4.5.2@sha256:e4d8155470905ba2942033a1537fc4cf91927d1c9b34693fd57ddf3bc02334af,1550
    pantry-tree:
      size: 275
      sha256: de1ab09cfb378c269105d6fcfa0fa9820081c2d1d91c87503a5f10068a4119e7
  original:
    hackage: transformers-base-0.4.5.2@sha256:e4d8155470905ba2942033a1537fc4cf91927d1c9b34693fd57ddf3bc02334af,1550
- completed:
    hackage: semigroups-0.19.1@sha256:ecae129621e0d2f77bef2f01e4458c2e0567ab6e1f39579c61d7cec8058ebb0e,6262
    pantry-tree:
      size: 534
      sha256: 61160272cccf0dcffe7fe23b7644412b959a8ec232bed4d43be235176f0bd90b
  original:
    hackage: semigroups-0.19.1@sha256:ecae129621e0d2f77bef2f01e4458c2e0567ab6e1f39579c61d7cec8058ebb0e,6262
- completed:
    hackage: void-0.7.3@sha256:13d30f62fcdf065e595d679d4ac8b4b0c1bb1a1b73db7b5b5a8f857cb5c8a546,1857
    pantry-tree:
      size: 584
      sha256: 5730b45e857424c97d24ee1cf530be1fc782cd000221ac97b5568be886cbbc2b
  original:
    hackage: void-0.7.3@sha256:13d30f62fcdf065e595d679d4ac8b4b0c1bb1a1b73db7b5b5a8f857cb5c8a546,1857
snapshots: []
